// !$*UTF8*$!
{
	archiveVersion = 1;
	classes = {
	};
	objectVersion = 56;
	objects = {

/* Begin PBXBuildFile section */
		A1000001 /* MirraApp.swift in Sources */ = {isa = PBXBuildFile; fileRef = A2000001 /* MirraApp.swift */; };
		A1000002 /* AppDelegate.swift in Sources */ = {isa = PBXBuildFile; fileRef = A2000002 /* AppDelegate.swift */; };
		A1000003 /* Assets.xcassets in Resources */ = {isa = PBXBuildFile; fileRef = A2000003 /* Assets.xcassets */; };
		A1000005 /* CameraDevice.swift in Sources */ = {isa = PBXBuildFile; fileRef = A2000021 /* CameraDevice.swift */; };
		A1000006 /* StatusBarController.swift in Sources */ = {isa = PBXBuildFile; fileRef = A2000022 /* StatusBarController.swift */; };
		A1000021 /* GlobalHotkeyService.swift in Sources */ = {isa = PBXBuildFile; fileRef = A2000050 /* GlobalHotkeyService.swift */; };
		A1000026 /* NotchPreviewCoordinator.swift in Sources */ = {isa = PBXBuildFile; fileRef = A2000055 /* NotchPreviewCoordinator.swift */; };
		A1000027 /* NotchPreviewCoordinatorTests.swift in Sources */ = {isa = PBXBuildFile; fileRef = A2000014 /* NotchPreviewCoordinatorTests.swift */; };
		73A6655235CB4C7CB4E6F268 /* MicLevelMonitor.swift in Sources */ = {isa = PBXBuildFile; fileRef = EC9A006238244FD687BF920A /* MicLevelMonitor.swift */; };
		80C680BDF8FF4294B4FCF58D /* NotchTriggerService.swift in Sources */ = {isa = PBXBuildFile; fileRef = AEAA67AD78B242818E431DE6 /* NotchTriggerService.swift */; };
		A1000022 /* PreviewShape.swift in Sources */ = {isa = PBXBuildFile; fileRef = A2000051 /* PreviewShape.swift */; };
		A1000023 /* HoverMode.swift in Sources */ = {isa = PBXBuildFile; fileRef = A2000052 /* HoverMode.swift */; };
		A1000024 /* BorderRadius.swift in Sources */ = {isa = PBXBuildFile; fileRef = A2000053 /* BorderRadius.swift */; };
		A1000025 /* ClickThroughMode.swift in Sources */ = {isa = PBXBuildFile; fileRef = A2000054 /* ClickThroughMode.swift */; };
		A1000008 /* CameraState.swift in Sources */ = {isa = PBXBuildFile; fileRef = A2000024 /* CameraState.swift */; };
		A1000009 /* CameraService.swift in Sources */ = {isa = PBXBuildFile; fileRef = A2000025 /* CameraService.swift */; };
		A1000012 /* PreviewPlacement.swift in Sources */ = {isa = PBXBuildFile; fileRef = A2000030 /* PreviewPlacement.swift */; };
		A1000013 /* PreviewSizePreset.swift in Sources */ = {isa = PBXBuildFile; fileRef = A2000031 /* PreviewSizePreset.swift */; };
		A1000014 /* CameraPreviewView.swift in Sources */ = {isa = PBXBuildFile; fileRef = A2000032 /* CameraPreviewView.swift */; };
		33415F780EEE44B0B83EFD2E /* NotchPreviewView.swift in Sources */ = {isa = PBXBuildFile; fileRef = 51C46F9EE3454F81B2DD3B60 /* NotchPreviewView.swift */; };
		A1000015 /* PreviewWindowController.swift in Sources */ = {isa = PBXBuildFile; fileRef = A2000033 /* PreviewWindowController.swift */; };
		A1000017 /* PermissionRecoveryView.swift in Sources */ = {isa = PBXBuildFile; fileRef = A2000040 /* PermissionRecoveryView.swift */; };
		A1000018 /* FailureStateView.swift in Sources */ = {isa = PBXBuildFile; fileRef = A2000041 /* FailureStateView.swift */; };
		A1000019 /* PreferencesStore.swift in Sources */ = {isa = PBXBuildFile; fileRef = A2000042 /* PreferencesStore.swift */; };
		A1000020 /* LaunchAtLoginService.swift in Sources */ = {isa = PBXBuildFile; fileRef = A2000043 /* LaunchAtLoginService.swift */; };
		A1000010 /* MirraTests.swift in Sources */ = {isa = PBXBuildFile; fileRef = A2000010 /* MirraTests.swift */; };
		A1000011 /* CameraTests.swift in Sources */ = {isa = PBXBuildFile; fileRef = A2000012 /* CameraTests.swift */; };
		A1000016 /* PreviewTests.swift in Sources */ = {isa = PBXBuildFile; fileRef = A2000013 /* PreviewTests.swift */; };
/* End PBXBuildFile section */

/* Begin PBXContainerItemProxy section */
		A5000001 /* PBXContainerItemProxy */ = {
			isa = PBXContainerItemProxy;
			containerPortal = A0000001 /* Project object */;
			proxyType = 1;
			remoteGlobalIDString = A3000001;
			remoteInfo = Mirra;
		};
/* End PBXContainerItemProxy section */

/* Begin PBXFileReference section */
		A2000001 /* MirraApp.swift */ = {isa = PBXFileReference; lastKnownFileType = sourcecode.swift; path = MirraApp.swift; sourceTree = "<group>"; };
		A2000002 /* AppDelegate.swift */ = {isa = PBXFileReference; lastKnownFileType = sourcecode.swift; path = AppDelegate.swift; sourceTree = "<group>"; };
		A2000003 /* Assets.xcassets */ = {isa = PBXFileReference; lastKnownFileType = folder.assetcatalog; path = Assets.xcassets; sourceTree = "<group>"; };
		A2000004 /* Info.plist */ = {isa = PBXFileReference; lastKnownFileType = text.plist.xml; path = Info.plist; sourceTree = "<group>"; };
		A2000005 /* Mirra.entitlements */ = {isa = PBXFileReference; lastKnownFileType = text.plist.entitlements; path = Mirra.entitlements; sourceTree = "<group>"; };
		A2000006 /* Mirra.app */ = {isa = PBXFileReference; explicitFileType = wrapper.application; includeInIndex = 0; path = Mirra.app; sourceTree = BUILT_PRODUCTS_DIR; };
		A2000010 /* MirraTests.swift */ = {isa = PBXFileReference; lastKnownFileType = sourcecode.swift; path = MirraTests.swift; sourceTree = "<group>"; };
		A2000011 /* MirraTests.xctest */ = {isa = PBXFileReference; explicitFileType = wrapper.cfbundle; includeInIndex = 0; path = MirraTests.xctest; sourceTree = BUILT_PRODUCTS_DIR; };
		A2000014 /* NotchPreviewCoordinatorTests.swift */ = {isa = PBXFileReference; lastKnownFileType = sourcecode.swift; path = NotchPreviewCoordinatorTests.swift; sourceTree = "<group>"; };
		A2000021 /* CameraDevice.swift */ = {isa = PBXFileReference; lastKnownFileType = sourcecode.swift; path = CameraDevice.swift; sourceTree = "<group>"; };
		A2000022 /* StatusBarController.swift */ = {isa = PBXFileReference; lastKnownFileType = sourcecode.swift; path = StatusBarController.swift; sourceTree = "<group>"; };
		A2000050 /* GlobalHotkeyService.swift */ = {isa = PBXFileReference; lastKnownFileType = sourcecode.swift; path = GlobalHotkeyService.swift; sourceTree = "<group>"; };
		A2000055 /* NotchPreviewCoordinator.swift */ = {isa = PBXFileReference; lastKnownFileType = sourcecode.swift; path = NotchPreviewCoordinator.swift; sourceTree = "<group>"; };
		EC9A006238244FD687BF920A /* MicLevelMonitor.swift */ = {isa = PBXFileReference; lastKnownFileType = sourcecode.swift; path = MicLevelMonitor.swift; sourceTree = "<group>"; };
		AEAA67AD78B242818E431DE6 /* NotchTriggerService.swift */ = {isa = PBXFileReference; lastKnownFileType = sourcecode.swift; path = NotchTriggerService.swift; sourceTree = "<group>"; };
		A2000051 /* PreviewShape.swift */ = {isa = PBXFileReference; lastKnownFileType = sourcecode.swift; path = PreviewShape.swift; sourceTree = "<group>"; };
		A2000052 /* HoverMode.swift */ = {isa = PBXFileReference; lastKnownFileType = sourcecode.swift; path = HoverMode.swift; sourceTree = "<group>"; };
		A2000053 /* BorderRadius.swift */ = {isa = PBXFileReference; lastKnownFileType = sourcecode.swift; path = BorderRadius.swift; sourceTree = "<group>"; };
		A2000054 /* ClickThroughMode.swift */ = {isa = PBXFileReference; lastKnownFileType = sourcecode.swift; path = ClickThroughMode.swift; sourceTree = "<group>"; };
		A2000024 /* CameraState.swift */ = {isa = PBXFileReference; lastKnownFileType = sourcecode.swift; path = CameraState.swift; sourceTree = "<group>"; };
		A2000025 /* CameraService.swift */ = {isa = PBXFileReference; lastKnownFileType = sourcecode.swift; path = CameraService.swift; sourceTree = "<group>"; };
		A2000012 /* CameraTests.swift */ = {isa = PBXFileReference; lastKnownFileType = sourcecode.swift; path = CameraTests.swift; sourceTree = "<group>"; };
		A2000013 /* PreviewTests.swift */ = {isa = PBXFileReference; lastKnownFileType = sourcecode.swift; path = PreviewTests.swift; sourceTree = "<group>"; };
		A2000030 /* PreviewPlacement.swift */ = {isa = PBXFileReference; lastKnownFileType = sourcecode.swift; path = PreviewPlacement.swift; sourceTree = "<group>"; };
		A2000031 /* PreviewSizePreset.swift */ = {isa = PBXFileReference; lastKnownFileType = sourcecode.swift; path = PreviewSizePreset.swift; sourceTree = "<group>"; };
		A2000032 /* CameraPreviewView.swift */ = {isa = PBXFileReference; lastKnownFileType = sourcecode.swift; path = CameraPreviewView.swift; sourceTree = "<group>"; };
		51C46F9EE3454F81B2DD3B60 /* NotchPreviewView.swift */ = {isa = PBXFileReference; lastKnownFileType = sourcecode.swift; path = NotchPreviewView.swift; sourceTree = "<group>"; };
		A2000033 /* PreviewWindowController.swift */ = {isa = PBXFileReference; lastKnownFileType = sourcecode.swift; path = PreviewWindowController.swift; sourceTree = "<group>"; };
		A2000040 /* PermissionRecoveryView.swift */ = {isa = PBXFileReference; lastKnownFileType = sourcecode.swift; path = PermissionRecoveryView.swift; sourceTree = "<group>"; };
		A2000041 /* FailureStateView.swift */ = {isa = PBXFileReference; lastKnownFileType = sourcecode.swift; path = FailureStateView.swift; sourceTree = "<group>"; };
		A2000042 /* PreferencesStore.swift */ = {isa = PBXFileReference; lastKnownFileType = sourcecode.swift; path = PreferencesStore.swift; sourceTree = "<group>"; };
		A2000043 /* LaunchAtLoginService.swift */ = {isa = PBXFileReference; lastKnownFileType = sourcecode.swift; path = LaunchAtLoginService.swift; sourceTree = "<group>"; };
/* End PBXFileReference section */

/* Begin PBXFrameworksBuildPhase section */
		A4000001 /* Frameworks */ = {
			isa = PBXFrameworksBuildPhase;
			buildActionMask = 2147483647;
			files = (
			);
			runOnlyForDeploymentPostprocessing = 0;
		};
		A4000010 /* Frameworks */ = {
			isa = PBXFrameworksBuildPhase;
			buildActionMask = 2147483647;
			files = (
			);
			runOnlyForDeploymentPostprocessing = 0;
		};
/* End PBXFrameworksBuildPhase section */

/* Begin PBXGroup section */
		A6000001 = {
			isa = PBXGroup;
			children = (
				A6000002 /* Mirra */,
				A6000003 /* MirraTests */,
				A6000004 /* Products */,
			);
			sourceTree = "<group>";
		};
		A6000002 /* Mirra */ = {
			isa = PBXGroup;
			children = (
				A2000001 /* MirraApp.swift */,
				A2000002 /* AppDelegate.swift */,
				A6000006 /* App */,
				A6000007 /* Camera */,
				A6000008 /* UI */,
				A6000009 /* Preview */,
				A6000010 /* Preferences */,
				A6000005 /* Resources */,
				A2000004 /* Info.plist */,
				A2000005 /* Mirra.entitlements */,
			);
			path = Mirra;
			sourceTree = "<group>";
		};
		A6000003 /* MirraTests */ = {
			isa = PBXGroup;
			children = (
				A2000010 /* MirraTests.swift */,
				A2000012 /* CameraTests.swift */,
				A2000013 /* PreviewTests.swift */,
				A2000014 /* NotchPreviewCoordinatorTests.swift */,
			);
			path = MirraTests;
			sourceTree = "<group>";
		};
		A6000004 /* Products */ = {
			isa = PBXGroup;
			children = (
				A2000006 /* Mirra.app */,
				A2000011 /* MirraTests.xctest */,
			);
			name = Products;
			sourceTree = "<group>";
		};
		A6000005 /* Resources */ = {
			isa = PBXGroup;
			children = (
				A2000003 /* Assets.xcassets */,
			);
			path = Resources;
			sourceTree = "<group>";
		};
		A6000006 /* App */ = {
			isa = PBXGroup;
			children = (
				A2000022 /* StatusBarController.swift */,
				A2000050 /* GlobalHotkeyService.swift */,
				A2000055 /* NotchPreviewCoordinator.swift */,
				EC9A006238244FD687BF920A /* MicLevelMonitor.swift */,
				AEAA67AD78B242818E431DE6 /* NotchTriggerService.swift */,
			);
			path = App;
			sourceTree = "<group>";
		};
		A6000007 /* Camera */ = {
			isa = PBXGroup;
			children = (
				A2000021 /* CameraDevice.swift */,
				A2000024 /* CameraState.swift */,
				A2000025 /* CameraService.swift */,
			);
			path = Camera;
			sourceTree = "<group>";
		};
		A6000008 /* UI */ = {
			isa = PBXGroup;
			children = (
				A2000040 /* PermissionRecoveryView.swift */,
				A2000041 /* FailureStateView.swift */,
				51C46F9EE3454F81B2DD3B60 /* NotchPreviewView.swift */,
			);
			path = UI;
			sourceTree = "<group>";
		};
		A6000009 /* Preview */ = {
			isa = PBXGroup;
			children = (
				A2000030 /* PreviewPlacement.swift */,
				A2000031 /* PreviewSizePreset.swift */,
				A2000051 /* PreviewShape.swift */,
				A2000052 /* HoverMode.swift */,
				A2000053 /* BorderRadius.swift */,
				A2000054 /* ClickThroughMode.swift */,
				A2000032 /* CameraPreviewView.swift */,
				A2000033 /* PreviewWindowController.swift */,
			);
			path = Preview;
			sourceTree = "<group>";
		};
		A6000010 /* Preferences */ = {
			isa = PBXGroup;
			children = (
				A2000042 /* PreferencesStore.swift */,
				A2000043 /* LaunchAtLoginService.swift */,
			);
			path = Preferences;
			sourceTree = "<group>";
		};
/* End PBXGroup section */

/* Begin PBXNativeTarget section */
		A3000001 /* Mirra */ = {
			isa = PBXNativeTarget;
			buildConfigurationList = A7000003 /* Build configuration list for PBXNativeTarget "Mirra" */;
			buildPhases = (
				A4000002 /* Sources */,
				A4000001 /* Frameworks */,
				A4000003 /* Resources */,
			);
			buildRules = (
			);
			dependencies = (
			);
			name = Mirra;
			productName = Mirra;
			productReference = A2000006 /* Mirra.app */;
			productType = "com.apple.product-type.application";
		};
		A3000010 /* MirraTests */ = {
			isa = PBXNativeTarget;
			buildConfigurationList = A7000006 /* Build configuration list for PBXNativeTarget "MirraTests" */;
			buildPhases = (
				A4000011 /* Sources */,
				A4000010 /* Frameworks */,
			);
			buildRules = (
			);
			dependencies = (
				A5000002 /* PBXTargetDependency */,
			);
			name = MirraTests;
			productName = MirraTests;
			productReference = A2000011 /* MirraTests.xctest */;
			productType = "com.apple.product-type.bundle.unit-test";
		};
/* End PBXNativeTarget section */

/* Begin PBXProject section */
		A0000001 /* Project object */ = {
			isa = PBXProject;
			attributes = {
				BuildIndependentTargetsInParallel = 1;
				LastSwiftUpdateCheck = 1600;
				LastUpgradeCheck = 1600;
				TargetAttributes = {
					A3000001 = {
						CreatedOnToolsVersion = 16.0;
					};
					A3000010 = {
						CreatedOnToolsVersion = 16.0;
						TestTargetID = A3000001;
					};
				};
			};
			buildConfigurationList = A7000001 /* Build configuration list for PBXProject "Mirra" */;
			compatibilityVersion = "Xcode 14.0";
			developmentRegion = en;
			hasScannedForEncodings = 0;
			knownRegions = (
				en,
				Base,
			);
			mainGroup = A6000001;
			productRefGroup = A6000004 /* Products */;
			projectDirPath = "";
			projectRoot = "";
			targets = (
				A3000001 /* Mirra */,
				A3000010 /* MirraTests */,
			);
		};
/* End PBXProject section */

/* Begin PBXResourcesBuildPhase section */
		A4000003 /* Resources */ = {
			isa = PBXResourcesBuildPhase;
			buildActionMask = 2147483647;
			files = (
				A1000003 /* Assets.xcassets in Resources */,
			);
			runOnlyForDeploymentPostprocessing = 0;
		};
/* End PBXResourcesBuildPhase section */

/* Begin PBXSourcesBuildPhase section */
		A4000002 /* Sources */ = {
			isa = PBXSourcesBuildPhase;
			buildActionMask = 2147483647;
			files = (
				A1000001 /* MirraApp.swift in Sources */,
				A1000002 /* AppDelegate.swift in Sources */,
				A1000005 /* CameraDevice.swift in Sources */,
				A1000006 /* StatusBarController.swift in Sources */,
				A1000021 /* GlobalHotkeyService.swift in Sources */,
				A1000026 /* NotchPreviewCoordinator.swift in Sources */,
				73A6655235CB4C7CB4E6F268 /* MicLevelMonitor.swift in Sources */,
				80C680BDF8FF4294B4FCF58D /* NotchTriggerService.swift in Sources */,
				A1000008 /* CameraState.swift in Sources */,
				A1000009 /* CameraService.swift in Sources */,
				A1000012 /* PreviewPlacement.swift in Sources */,
				A1000013 /* PreviewSizePreset.swift in Sources */,
				A1000022 /* PreviewShape.swift in Sources */,
				A1000023 /* HoverMode.swift in Sources */,
				A1000024 /* BorderRadius.swift in Sources */,
				A1000025 /* ClickThroughMode.swift in Sources */,
				A1000014 /* CameraPreviewView.swift in Sources */,
				33415F780EEE44B0B83EFD2E /* NotchPreviewView.swift in Sources */,
				A1000015 /* PreviewWindowController.swift in Sources */,
				A1000017 /* PermissionRecoveryView.swift in Sources */,
				A1000018 /* FailureStateView.swift in Sources */,
				A1000019 /* PreferencesStore.swift in Sources */,
				A1000020 /* LaunchAtLoginService.swift in Sources */,
			);
			runOnlyForDeploymentPostprocessing = 0;
		};
		A4000011 /* Sources */ = {
			isa = PBXSourcesBuildPhase;
			buildActionMask = 2147483647;
			files = (
				A1000010 /* MirraTests.swift in Sources */,
				A1000011 /* CameraTests.swift in Sources */,
				A1000016 /* PreviewTests.swift in Sources */,
				A1000027 /* NotchPreviewCoordinatorTests.swift in Sources */,
			);
			runOnlyForDeploymentPostprocessing = 0;
		};
/* End PBXSourcesBuildPhase section */

/* Begin PBXTargetDependency section */
		A5000002 /* PBXTargetDependency */ = {
			isa = PBXTargetDependency;
			target = A3000001 /* Mirra */;
			targetProxy = A5000001 /* PBXContainerItemProxy */;
		};
/* End PBXTargetDependency section */

/* Begin XCBuildConfiguration section */
		A8000001 /* Debug */ = {
			isa = XCBuildConfiguration;
			buildSettings = {
				ALWAYS_SEARCH_USER_PATHS = NO;
				ASSETCATALOG_COMPILER_GENERATE_SWIFT_ASSET_SYMBOL_EXTENSIONS = YES;
				CLANG_ANALYZER_NONNULL = YES;
				CLANG_CXX_LANGUAGE_STANDARD = "gnu++20";
				CLANG_ENABLE_MODULES = YES;
				CLANG_ENABLE_OBJC_ARC = YES;
				COPY_PHASE_STRIP = NO;
				DEBUG_INFORMATION_FORMAT = dwarf;
				ENABLE_STRICT_OBJC_MSGSEND = YES;
				ENABLE_TESTABILITY = YES;
				GCC_DYNAMIC_NO_PIC = NO;
				GCC_OPTIMIZATION_LEVEL = 0;
				GCC_PREPROCESSOR_DEFINITIONS = (
					"DEBUG=1",
					"$(inherited)",
				);
				GCC_WARN_64_TO_32_BIT_CONVERSION = YES;
				GCC_WARN_ABOUT_RETURN_TYPE = YES_ERROR;
				GCC_WARN_UNDECLARED_SELECTOR = YES;
				GCC_WARN_UNINITIALIZED_AUTOS = YES_AGGRESSIVE;
				GCC_WARN_UNUSED_FUNCTION = YES;
				GCC_WARN_UNUSED_VARIABLE = YES;
				MACOSX_DEPLOYMENT_TARGET = 14.0;
				MTL_ENABLE_DEBUG_INFO = INCLUDE_SOURCE;
				MTL_FAST_MATH = YES;
				ONLY_ACTIVE_ARCH = YES;
				SDKROOT = macosx;
				SWIFT_ACTIVE_COMPILATION_CONDITIONS = "$(inherited) DEBUG";
				SWIFT_OPTIMIZATION_LEVEL = "-Onone";
				SWIFT_VERSION = 6.0;
			};
			name = Debug;
		};
		A8000002 /* Release */ = {
			isa = XCBuildConfiguration;
			buildSettings = {
				ALWAYS_SEARCH_USER_PATHS = NO;
				ASSETCATALOG_COMPILER_GENERATE_SWIFT_ASSET_SYMBOL_EXTENSIONS = YES;
				CLANG_ANALYZER_NONNULL = YES;
				CLANG_CXX_LANGUAGE_STANDARD = "gnu++20";
				CLANG_ENABLE_MODULES = YES;
				CLANG_ENABLE_OBJC_ARC = YES;
				COPY_PHASE_STRIP = NO;
				DEBUG_INFORMATION_FORMAT = "dwarf-with-dsym";
				ENABLE_NS_ASSERTIONS = NO;
				ENABLE_STRICT_OBJC_MSGSEND = YES;
				GCC_WARN_64_TO_32_BIT_CONVERSION = YES;
				GCC_WARN_ABOUT_RETURN_TYPE = YES_ERROR;
				GCC_WARN_UNDECLARED_SELECTOR = YES;
				GCC_WARN_UNINITIALIZED_AUTOS = YES_AGGRESSIVE;
				GCC_WARN_UNUSED_FUNCTION = YES;
				GCC_WARN_UNUSED_VARIABLE = YES;
				MACOSX_DEPLOYMENT_TARGET = 14.0;
				MTL_FAST_MATH = YES;
				SDKROOT = macosx;
				SWIFT_COMPILATION_MODE = wholemodule;
				SWIFT_VERSION = 6.0;
			};
			name = Release;
		};
		A8000003 /* Debug */ = {
			isa = XCBuildConfiguration;
			buildSettings = {
				ASSETCATALOG_COMPILER_APPICON_NAME = AppIcon;
				CODE_SIGN_ENTITLEMENTS = Mirra/Mirra.entitlements;
				CODE_SIGN_STYLE = Automatic;
				COMBINE_HIDPI_IMAGES = YES;
				CURRENT_PROJECT_VERSION = 1;
				GENERATE_INFOPLIST_FILE = YES;
				INFOPLIST_FILE = Mirra/Info.plist;
				INFOPLIST_KEY_LSUIElement = YES;
				INFOPLIST_KEY_NSCameraUsageDescription = "Mirra needs camera access to show a live preview of your camera feed.";
				LD_RUNPATH_SEARCH_PATHS = (
					"$(inherited)",
					"@executable_path/../Frameworks",
				);
				MARKETING_VERSION = 0.2.2;
				PRODUCT_BUNDLE_IDENTIFIER = com.mirra.app;
				PRODUCT_NAME = "$(TARGET_NAME)";
				SWIFT_EMIT_LOC_STRINGS = YES;
				SWIFT_VERSION = 6.0;
			};
			name = Debug;
		};
		A8000004 /* Release */ = {
			isa = XCBuildConfiguration;
			buildSettings = {
				ASSETCATALOG_COMPILER_APPICON_NAME = AppIcon;
				CODE_SIGN_ENTITLEMENTS = Mirra/Mirra.entitlements;
				CODE_SIGN_STYLE = Automatic;
				COMBINE_HIDPI_IMAGES = YES;
				CURRENT_PROJECT_VERSION = 1;
				GENERATE_INFOPLIST_FILE = YES;
				INFOPLIST_FILE = Mirra/Info.plist;
				INFOPLIST_KEY_LSUIElement = YES;
				INFOPLIST_KEY_NSCameraUsageDescription = "Mirra needs camera access to show a live preview of your camera feed.";
				LD_RUNPATH_SEARCH_PATHS = (
					"$(inherited)",
					"@executable_path/../Frameworks",
				);
				MARKETING_VERSION = 0.2.2;
				PRODUCT_BUNDLE_IDENTIFIER = com.mirra.app;
				PRODUCT_NAME = "$(TARGET_NAME)";
				SWIFT_EMIT_LOC_STRINGS = YES;
				SWIFT_VERSION = 6.0;
			};
			name = Release;
		};
		A8000010 /* Debug */ = {
			isa = XCBuildConfiguration;
			buildSettings = {
				BUNDLE_LOADER = "$(TEST_HOST)";
				CODE_SIGN_STYLE = Automatic;
				CURRENT_PROJECT_VERSION = 1;
				GENERATE_INFOPLIST_FILE = YES;
				MARKETING_VERSION = 0.2.2;
				PRODUCT_BUNDLE_IDENTIFIER = com.mirra.app.tests;
				PRODUCT_NAME = "$(TARGET_NAME)";
				SWIFT_EMIT_LOC_STRINGS = NO;
				SWIFT_VERSION = 6.0;
				TEST_HOST = "$(BUILT_PRODUCTS_DIR)/Mirra.app/Contents/MacOS/Mirra";
			};
			name = Debug;
		};
		A8000011 /* Release */ = {
			isa = XCBuildConfiguration;
			buildSettings = {
				BUNDLE_LOADER = "$(TEST_HOST)";
				CODE_SIGN_STYLE = Automatic;
				CURRENT_PROJECT_VERSION = 1;
				GENERATE_INFOPLIST_FILE = YES;
				MARKETING_VERSION = 0.2.2;
				PRODUCT_BUNDLE_IDENTIFIER = com.mirra.app.tests;
				PRODUCT_NAME = "$(TARGET_NAME)";
				SWIFT_EMIT_LOC_STRINGS = NO;
				SWIFT_VERSION = 6.0;
				TEST_HOST = "$(BUILT_PRODUCTS_DIR)/Mirra.app/Contents/MacOS/Mirra";
			};
			name = Release;
		};
/* End XCBuildConfiguration section */

/* Begin XCConfigurationList section */
		A7000001 /* Build configuration list for PBXProject "Mirra" */ = {
			isa = XCConfigurationList;
			buildConfigurations = (
				A8000001 /* Debug */,
				A8000002 /* Release */,
			);
			defaultConfigurationIsVisible = 0;
			defaultConfigurationName = Release;
		};
		A7000003 /* Build configuration list for PBXNativeTarget "Mirra" */ = {
			isa = XCConfigurationList;
			buildConfigurations = (
				A8000003 /* Debug */,
				A8000004 /* Release */,
			);
			defaultConfigurationIsVisible = 0;
			defaultConfigurationName = Release;
		};
		A7000006 /* Build configuration list for PBXNativeTarget "MirraTests" */ = {
			isa = XCConfigurationList;
			buildConfigurations = (
				A8000010 /* Debug */,
				A8000011 /* Release */,
			);
			defaultConfigurationIsVisible = 0;
			defaultConfigurationName = Release;
		};
/* End XCConfigurationList section */
	};
	rootObject = A0000001 /* Project object */;
}
